// !$*UTF8*$!
{
	archiveVersion = 1;
	classes = {
	};
	objectVersion = 56;
	objects = {

/* Begin PBXBuildFile section */
		43B976262A5F0021005403EA /* SwiftUI_v0App.swift in Sources */ = {isa = PBXBuildFile; fileRef = 43B976252A5F0021005403EA /* SwiftUI_v0App.swift */; };
		43B976282A5F0021005403EA /* ContentView.swift in Sources */ = {isa = PBXBuildFile; fileRef = 43B976272A5F0021005403EA /* ContentView.swift */; };
		43B9762A2A5F0023005403EA /* Assets.xcassets in Resources */ = {isa = PBXBuildFile; fileRef = 43B976292A5F0023005403EA /* Assets.xcassets */; };
		43B9762D2A5F0023005403EA /* Preview Assets.xcassets in Resources */ = {isa = PBXBuildFile; fileRef = 43B9762C2A5F0023005403EA /* Preview Assets.xcassets */; };
		43B976352A5F0ABA005403EA /* Alerts.swift in Sources */ = {isa = PBXBuildFile; fileRef = 43B976342A5F0ABA005403EA /* Alerts.swift */; };
		43B976372A5F10B6005403EA /* Facebook.swift in Sources */ = {isa = PBXBuildFile; fileRef = 43B976362A5F10B6005403EA /* Facebook.swift */; };
		43B9763A2A5F1111005403EA /* Utils.swift in Sources */ = {isa = PBXBuildFile; fileRef = 43B976392A5F1111005403EA /* Utils.swift */; };
		43B9763C2A5F2F98005403EA /* mock_images.xcassets in Resources */ = {isa = PBXBuildFile; fileRef = 43B9763B2A5F2F98005403EA /* mock_images.xcassets */; };
/* End PBXBuildFile section */

/* Begin PBXFileReference section */
		43B976222A5F0021005403EA /* SwiftUI_v0.app */ = {isa = PBXFileReference; explicitFileType = wrapper.application; includeInIndex = 0; path = SwiftUI_v0.app; sourceTree = BUILT_PRODUCTS_DIR; };
		43B976252A5F0021005403EA /* SwiftUI_v0App.swift */ = {isa = PBXFileReference; lastKnownFileType = sourcecode.swift; path = SwiftUI_v0App.swift; sourceTree = "<group>"; };
		43B976272A5F0021005403EA /* ContentView.swift */ = {isa = PBXFileReference; lastKnownFileType = sourcecode.swift; path = ContentView.swift; sourceTree = "<group>"; };
		43B976292A5F0023005403EA /* Assets.xcassets */ = {isa = PBXFileReference; lastKnownFileType = folder.assetcatalog; path = Assets.xcassets; sourceTree = "<group>"; };
		43B9762C2A5F0023005403EA /* Preview Assets.xcassets */ = {isa = PBXFileReference; lastKnownFileType = folder.assetcatalog; path = "Preview Assets.xcassets"; sourceTree = "<group>"; };
		43B976342A5F0ABA005403EA /* Alerts.swift */ = {isa = PBXFileReference; lastKnownFileType = sourcecode.swift; path = Alerts.swift; sourceTree = "<group>"; };
		43B976362A5F10B6005403EA /* Facebook.swift */ = {isa = PBXFileReference; lastKnownFileType = sourcecode.swift; path = Facebook.swift; sourceTree = "<group>"; };
		43B976392A5F1111005403EA /* Utils.swift */ = {isa = PBXFileReference; lastKnownFileType = sourcecode.swift; path = Utils.swift; sourceTree = "<group>"; };
		43B9763B2A5F2F98005403EA /* mock_images.xcassets */ = {isa = PBXFileReference; lastKnownFileType = folder.assetcatalog; path = mock_images.xcassets; sourceTree = "<group>"; };
/* End PBXFileReference section */

/* Begin PBXFrameworksBuildPhase section */
		43B9761F2A5F0021005403EA /* Frameworks */ = {
			isa = PBXFrameworksBuildPhase;
			buildActionMask = 2147483647;
			files = (
			);
			runOnlyForDeploymentPostprocessing = 0;
		};
/* End PBXFrameworksBuildPhase section */

/* Begin PBXGroup section */
		43B976192A5F0021005403EA = {
			isa = PBXGroup;
			children = (
				43B976242A5F0021005403EA /* SwiftUI_v0 */,
				43B976232A5F0021005403EA /* Products */,
			);
			sourceTree = "<group>";
		};
		43B976232A5F0021005403EA /* Products */ = {
			isa = PBXGroup;
			children = (
				43B976222A5F0021005403EA /* SwiftUI_v0.app */,
			);
			name = Products;
			sourceTree = "<group>";
		};
		43B976242A5F0021005403EA /* SwiftUI_v0 */ = {
			isa = PBXGroup;
			children = (
				43B976382A5F1103005403EA /* Commons */,
				43B976332A5F0087005403EA /* Modules */,
				43B976252A5F0021005403EA /* SwiftUI_v0App.swift */,
				43B976292A5F0023005403EA /* Assets.xcassets */,
				43B9762B2A5F0023005403EA /* Preview Content */,
			);
			path = SwiftUI_v0;
			sourceTree = "<group>";
		};
		43B9762B2A5F0023005403EA /* Preview Content */ = {
			isa = PBXGroup;
			children = (
				43B9762C2A5F0023005403EA /* Preview Assets.xcassets */,
			);
			path = "Preview Content";
			sourceTree = "<group>";
		};
		43B976332A5F0087005403EA /* Modules */ = {
			isa = PBXGroup;
			children = (
				43B976272A5F0021005403EA /* ContentView.swift */,
				43B976342A5F0ABA005403EA /* Alerts.swift */,
				43B976362A5F10B6005403EA /* Facebook.swift */,
			);
			path = Modules;
			sourceTree = "<group>";
		};
		43B976382A5F1103005403EA /* Commons */ = {
			isa = PBXGroup;
			children = (
				43B976392A5F1111005403EA /* Utils.swift */,
				43B9763B2A5F2F98005403EA /* mock_images.xcassets */,
			);
			path = Commons;
			sourceTree = "<group>";
		};
/* End PBXGroup section */

/* Begin PBXNativeTarget section */
		43B976212A5F0021005403EA /* SwiftUI_v0 */ = {
			isa = PBXNativeTarget;
			buildConfigurationList = 43B976302A5F0023005403EA /* Build configuration list for PBXNativeTarget "SwiftUI_v0" */;
			buildPhases = (
				43B9761E2A5F0021005403EA /* Sources */,
				43B9761F2A5F0021005403EA /* Frameworks */,
				43B976202A5F0021005403EA /* Resources */,
			);
			buildRules = (
			);
			dependencies = (
			);
			name = SwiftUI_v0;
			productName = SwiftUI_v0;
			productReference = 43B976222A5F0021005403EA /* SwiftUI_v0.app */;
			productType = "com.apple.product-type.application";
		};
/* End PBXNativeTarget section */

/* Begin PBXProject section */
		43B9761A2A5F0021005403EA /* Project object */ = {
			isa = PBXProject;
			attributes = {
				BuildIndependentTargetsInParallel = 1;
				LastSwiftUpdateCheck = 1420;
				LastUpgradeCheck = 1420;
				TargetAttributes = {
					43B976212A5F0021005403EA = {
						CreatedOnToolsVersion = 14.2;
					};
				};
			};
			buildConfigurationList = 43B9761D2A5F0021005403EA /* Build configuration list for PBXProject "SwiftUI_v0" */;
			compatibilityVersion = "Xcode 14.0";
			developmentRegion = en;
			hasScannedForEncodings = 0;
			knownRegions = (
				en,
				Base,
			);
			mainGroup = 43B976192A5F0021005403EA;
			productRefGroup = 43B976232A5F0021005403EA /* Products */;
			projectDirPath = "";
			projectRoot = "";
			targets = (
				43B976212A5F0021005403EA /* SwiftUI_v0 */,
			);
		};
/* End PBXProject section */

/* Begin PBXResourcesBuildPhase section */
		43B976202A5F0021005403EA /* Resources */ = {
			isa = PBXResourcesBuildPhase;
			buildActionMask = 2147483647;
			files = (
				43B9762D2A5F0023005403EA /* Preview Assets.xcassets in Resources */,
				43B9763C2A5F2F98005403EA /* mock_images.xcassets in Resources */,
				43B9762A2A5F0023005403EA /* Assets.xcassets in Resources */,
			);
			runOnlyForDeploymentPostprocessing = 0;
		};
/* End PBXResourcesBuildPhase section */

/* Begin PBXSourcesBuildPhase section */
		43B9761E2A5F0021005403EA /* Sources */ = {
			isa = PBXSourcesBuildPhase;
			buildActionMask = 2147483647;
			files = (
				43B9763A2A5F1111005403EA /* Utils.swift in Sources */,
				43B976282A5F0021005403EA /* ContentView.swift in Sources */,
				43B976352A5F0ABA005403EA /* Alerts.swift in Sources */,
				43B976262A5F0021005403EA /* SwiftUI_v0App.swift in Sources */,
				43B976372A5F10B6005403EA /* Facebook.swift in Sources */,
			);
			runOnlyForDeploymentPostprocessing = 0;
		};
/* End PBXSourcesBuildPhase section */

/* Begin XCBuildConfiguration section */
		43B9762E2A5F0023005403EA /* Debug */ = {
			isa = XCBuildConfiguration;
			buildSettings = {
				ALWAYS_SEARCH_USER_PATHS = NO;
				CLANG_ANALYZER_NONNULL = YES;
				CLANG_ANALYZER_NUMBER_OBJECT_CONVERSION = YES_AGGRESSIVE;
				CLANG_CXX_LANGUAGE_STANDARD = "gnu++20";
				CLANG_ENABLE_MODULES = YES;
				CLANG_ENABLE_OBJC_ARC = YES;
				CLANG_ENABLE_OBJC_WEAK = YES;
				CLANG_WARN_BLOCK_CAPTURE_AUTORELEASING = YES;
				CLANG_WARN_BOOL_CONVERSION = YES;
				CLANG_WARN_COMMA = YES;
				CLANG_WARN_CONSTANT_CONVERSION = YES;
				CLANG_WARN_DEPRECATED_OBJC_IMPLEMENTATIONS = YES;
				CLANG_WARN_DIRECT_OBJC_ISA_USAGE = YES_ERROR;
				CLANG_WARN_DOCUMENTATION_COMMENTS = YES;
				CLANG_WARN_EMPTY_BODY = YES;
				CLANG_WARN_ENUM_CONVERSION = YES;
				CLANG_WARN_INFINITE_RECURSION = YES;
				CLANG_WARN_INT_CONVERSION = YES;
				CLANG_WARN_NON_LITERAL_NULL_CONVERSION = YES;
				CLANG_WARN_OBJC_IMPLICIT_RETAIN_SELF = YES;
				CLANG_WARN_OBJC_LITERAL_CONVERSION = YES;
				CLANG_WARN_OBJC_ROOT_CLASS = YES_ERROR;
				CLANG_WARN_QUOTED_INCLUDE_IN_FRAMEWORK_HEADER = YES;
				CLANG_WARN_RANGE_LOOP_ANALYSIS = YES;
				CLANG_WARN_STRICT_PROTOTYPES = YES;
				CLANG_WARN_SUSPICIOUS_MOVE = YES;
				CLANG_WARN_UNGUARDED_AVAILABILITY = YES_AGGRESSIVE;
				CLANG_WARN_UNREACHABLE_CODE = YES;
				CLANG_WARN__DUPLICATE_METHOD_MATCH = YES;
				COPY_PHASE_STRIP = NO;
				DEBUG_INFORMATION_FORMAT = dwarf;
				ENABLE_STRICT_OBJC_MSGSEND = YES;
				ENABLE_TESTABILITY = YES;
				GCC_C_LANGUAGE_STANDARD = gnu11;
				GCC_DYNAMIC_NO_PIC = NO;
				GCC_NO_COMMON_BLOCKS = YES;
				GCC_OPTIMIZATION_LEVEL = 0;
				GCC_PREPROCESSOR_DEFINITIONS = (
					"DEBUG=1",
					"$(inherited)",
				);
				GCC_WARN_64_TO_32_BIT_CONVERSION = YES;
				GCC_WARN_ABOUT_RETURN_TYPE = YES_ERROR;
				GCC_WARN_UNDECLARED_SELECTOR = YES;
				GCC_WARN_UNINITIALIZED_AUTOS = YES_AGGRESSIVE;
				GCC_WARN_UNUSED_FUNCTION = YES;
				GCC_WARN_UNUSED_VARIABLE = YES;
				IPHONEOS_DEPLOYMENT_TARGET = 16.2;
				MTL_ENABLE_DEBUG_INFO = INCLUDE_SOURCE;
				MTL_FAST_MATH = YES;
				ONLY_ACTIVE_ARCH = YES;
				SDKROOT = iphoneos;
				SWIFT_ACTIVE_COMPILATION_CONDITIONS = DEBUG;
				SWIFT_OPTIMIZATION_LEVEL = "-Onone";
			};
			name = Debug;
		};
		43B9762F2A5F0023005403EA /* Release */ = {
			isa = XCBuildConfiguration;
			buildSettings = {
				ALWAYS_SEARCH_USER_PATHS = NO;
				CLANG_ANALYZER_NONNULL = YES;
				CLANG_ANALYZER_NUMBER_OBJECT_CONVERSION = YES_AGGRESSIVE;
				CLANG_CXX_LANGUAGE_STANDARD = "gnu++20";
				CLANG_ENABLE_MODULES = YES;
				CLANG_ENABLE_OBJC_ARC = YES;
				CLANG_ENABLE_OBJC_WEAK = YES;
				CLANG_WARN_BLOCK_CAPTURE_AUTORELEASING = YES;
				CLANG_WARN_BOOL_CONVERSION = YES;
				CLANG_WARN_COMMA = YES;
				CLANG_WARN_CONSTANT_CONVERSION = YES;
				CLANG_WARN_DEPRECATED_OBJC_IMPLEMENTATIONS = YES;
				CLANG_WARN_DIRECT_OBJC_ISA_USAGE = YES_ERROR;
				CLANG_WARN_DOCUMENTATION_COMMENTS = YES;
				CLANG_WARN_EMPTY_BODY = YES;
				CLANG_WARN_ENUM_CONVERSION = YES;
				CLANG_WARN_INFINITE_RECURSION = YES;
				CLANG_WARN_INT_CONVERSION = YES;
				CLANG_WARN_NON_LITERAL_NULL_CONVERSION = YES;
				CLANG_WARN_OBJC_IMPLICIT_RETAIN_SELF = YES;
				CLANG_WARN_OBJC_LITERAL_CONVERSION = YES;
				CLANG_WARN_OBJC_ROOT_CLASS = YES_ERROR;
				CLANG_WARN_QUOTED_INCLUDE_IN_FRAMEWORK_HEADER = YES;
				CLANG_WARN_RANGE_LOOP_ANALYSIS = YES;
				CLANG_WARN_STRICT_PROTOTYPES = YES;
				CLANG_WARN_SUSPICIOUS_MOVE = YES;
				CLANG_WARN_UNGUARDED_AVAILABILITY = YES_AGGRESSIVE;
				CLANG_WARN_UNREACHABLE_CODE = YES;
				CLANG_WARN__DUPLICATE_METHOD_MATCH = YES;
				COPY_PHASE_STRIP = NO;
				DEBUG_INFORMATION_FORMAT = "dwarf-with-dsym";
				ENABLE_NS_ASSERTIONS = NO;
				ENABLE_STRICT_OBJC_MSGSEND = YES;
				GCC_C_LANGUAGE_STANDARD = gnu11;
				GCC_NO_COMMON_BLOCKS = YES;
				GCC_WARN_64_TO_32_BIT_CONVERSION = YES;
				GCC_WARN_ABOUT_RETURN_TYPE = YES_ERROR;
				GCC_WARN_UNDECLARED_SELECTOR = YES;
				GCC_WARN_UNINITIALIZED_AUTOS = YES_AGGRESSIVE;
				GCC_WARN_UNUSED_FUNCTION = YES;
				GCC_WARN_UNUSED_VARIABLE = YES;
				IPHONEOS_DEPLOYMENT_TARGET = 16.2;
				MTL_ENABLE_DEBUG_INFO = NO;
				MTL_FAST_MATH = YES;
				SDKROOT = iphoneos;
				SWIFT_COMPILATION_MODE = wholemodule;
				SWIFT_OPTIMIZATION_LEVEL = "-O";
				VALIDATE_PRODUCT = YES;
			};
			name = Release;
		};
		43B976312A5F0023005403EA /* Debug */ = {
			isa = XCBuildConfiguration;
			buildSettings = {
				ASSETCATALOG_COMPILER_APPICON_NAME = AppIcon;
				ASSETCATALOG_COMPILER_GLOBAL_ACCENT_COLOR_NAME = AccentColor;
				CODE_SIGN_STYLE = Automatic;
				CURRENT_PROJECT_VERSION = 1;
				DEVELOPMENT_ASSET_PATHS = "\"SwiftUI_v0/Preview Content\"";
				DEVELOPMENT_TEAM = 9VUUQV7X5U;
				ENABLE_PREVIEWS = YES;
				GENERATE_INFOPLIST_FILE = YES;
				INFOPLIST_KEY_UIApplicationSceneManifest_Generation = YES;
				INFOPLIST_KEY_UIApplicationSupportsIndirectInputEvents = YES;
				INFOPLIST_KEY_UILaunchScreen_Generation = YES;
				INFOPLIST_KEY_UISupportedInterfaceOrientations_iPad = "UIInterfaceOrientationPortrait UIInterfaceOrientationPortraitUpsideDown UIInterfaceOrientationLandscapeLeft UIInterfaceOrientationLandscapeRight";
				INFOPLIST_KEY_UISupportedInterfaceOrientations_iPhone = "UIInterfaceOrientationPortrait UIInterfaceOrientationLandscapeLeft UIInterfaceOrientationLandscapeRight";
				LD_RUNPATH_SEARCH_PATHS = (
					"$(inherited)",
					"@executable_path/Frameworks",
				);
				MARKETING_VERSION = 1.0;
				PRODUCT_BUNDLE_IDENTIFIER = "com.ilmint.SwiftUI-v0";
				PRODUCT_NAME = "$(TARGET_NAME)";
				SWIFT_EMIT_LOC_STRINGS = YES;
				SWIFT_VERSION = 5.0;
				TARGETED_DEVICE_FAMILY = "1,2";
			};
			name = Debug;
		};
		43B976322A5F0023005403EA /* Release */ = {
			isa = XCBuildConfiguration;
			buildSettings = {
				ASSETCATALOG_COMPILER_APPICON_NAME = AppIcon;
				ASSETCATALOG_COMPILER_GLOBAL_ACCENT_COLOR_NAME = AccentColor;
				CODE_SIGN_STYLE = Automatic;
				CURRENT_PROJECT_VERSION = 1;
				DEVELOPMENT_ASSET_PATHS = "\"SwiftUI_v0/Preview Content\"";
				DEVELOPMENT_TEAM = 9VUUQV7X5U;
				ENABLE_PREVIEWS = YES;
				GENERATE_INFOPLIST_FILE = YES;
				INFOPLIST_KEY_UIApplicationSceneManifest_Generation = YES;
				INFOPLIST_KEY_UIApplicationSupportsIndirectInputEvents = YES;
				INFOPLIST_KEY_UILaunchScreen_Generation = YES;
				INFOPLIST_KEY_UISupportedInterfaceOrientations_iPad = "UIInterfaceOrientationPortrait UIInterfaceOrientationPortraitUpsideDown UIInterfaceOrientationLandscapeLeft UIInterfaceOrientationLandscapeRight";
				INFOPLIST_KEY_UISupportedInterfaceOrientations_iPhone = "UIInterfaceOrientationPortrait UIInterfaceOrientationLandscapeLeft UIInterfaceOrientationLandscapeRight";
				LD_RUNPATH_SEARCH_PATHS = (
					"$(inherited)",
					"@executable_path/Frameworks",
				);
				MARKETING_VERSION = 1.0;
				PRODUCT_BUNDLE_IDENTIFIER = "com.ilmint.SwiftUI-v0";
				PRODUCT_NAME = "$(TARGET_NAME)";
				SWIFT_EMIT_LOC_STRINGS = YES;
				SWIFT_VERSION = 5.0;
				TARGETED_DEVICE_FAMILY = "1,2";
			};
			name = Release;
		};
/* End XCBuildConfiguration section */

/* Begin XCConfigurationList section */
		43B9761D2A5F0021005403EA /* Build configuration list for PBXProject "SwiftUI_v0" */ = {
			isa = XCConfigurationList;
			buildConfigurations = (
				43B9762E2A5F0023005403EA /* Debug */,
				43B9762F2A5F0023005403EA /* Release */,
			);
			defaultConfigurationIsVisible = 0;
			defaultConfigurationName = Release;
		};
		43B976302A5F0023005403EA /* Build configuration list for PBXNativeTarget "SwiftUI_v0" */ = {
			isa = XCConfigurationList;
			buildConfigurations = (
				43B976312A5F0023005403EA /* Debug */,
				43B976322A5F0023005403EA /* Release */,
			);
			defaultConfigurationIsVisible = 0;
			defaultConfigurationName = Release;
		};
/* End XCConfigurationList section */
	};
	rootObject = 43B9761A2A5F0021005403EA /* Project object */;
}
